
Microsoft Visual Studio Solution File, Format Version 12.00
# Visual Studio Version 17
VisualStudioVersion = 17.11.35312.102
MinimumVisualStudioVersion = 10.0.40219.1
Project("{9A19103F-16F7-4668-BE54-9A1E7A4F7556}") = "Homezz.API", "Homezz.API\Homezz.API.csproj", "{BC2B489B-EBE8-4506-A08F-A957CBF6CF81}"
EndProject
Project("{FAE04EC0-301F-11D3-BF4B-00C04F79EFBC}") = "Homezz.API.Data", "Homezz.API.Data\Homezz.API.Data.csproj", "{D9218128-5779-48BC-9D36-D418FF6C2680}"
EndProject
Project("{FAE04EC0-301F-11D3-BF4B-00C04F79EFBC}") = "Homezz.API.Core", "Homezz.API.Core\Homezz.API.Core.csproj", "{40056AAD-A809-4BA2-A537-CE0D00FE2612}"
EndProject
Global
	GlobalSection(SolutionConfigurationPlatforms) = preSolution
		Debug|Any CPU = Debug|Any CPU
		Release|Any CPU = Release|Any CPU
	EndGlobalSection
	GlobalSection(ProjectConfigurationPlatforms) = postSolution
		{BC2B489B-EBE8-4506-A08F-A957CBF6CF81}.Debug|Any CPU.ActiveCfg = Debug|Any CPU
		{BC2B489B-EBE8-4506-A08F-A957CBF6CF81}.Debug|Any CPU.Build.0 = Debug|Any CPU
		{BC2B489B-EBE8-4506-A08F-A957CBF6CF81}.Release|Any CPU.ActiveCfg = Release|Any CPU
		{BC2B489B-EBE8-4506-A08F-A957CBF6CF81}.Release|Any CPU.Build.0 = Release|Any CPU
		{D9218128-5779-48BC-9D36-D418FF6C2680}.Debug|Any CPU.ActiveCfg = Debug|Any CPU
		{D9218128-5779-48BC-9D36-D418FF6C2680}.Debug|Any CPU.Build.0 = Debug|Any CPU
		{D9218128-5779-48BC-9D36-D418FF6C2680}.Release|Any CPU.ActiveCfg = Release|Any CPU
		{D9218128-5779-48BC-9D36-D418FF6C2680}.Release|Any CPU.Build.0 = Release|Any CPU
		{40056AAD-A809-4BA2-A537-CE0D00FE2612}.Debug|Any CPU.ActiveCfg = Debug|Any CPU
		{40056AAD-A809-4BA2-A537-CE0D00FE2612}.Debug|Any CPU.Build.0 = Debug|Any CPU
		{40056AAD-A809-4BA2-A537-CE0D00FE2612}.Release|Any CPU.ActiveCfg = Release|Any CPU
		{40056AAD-A809-4BA2-A537-CE0D00FE2612}.Release|Any CPU.Build.0 = Release|Any CPU
	EndGlobalSection
	GlobalSection(SolutionProperties) = preSolution
		HideSolutionNode = FALSE
	EndGlobalSection
	GlobalSection(ExtensibilityGlobals) = postSolution
		SolutionGuid = {1BB36029-EA85-4258-A95C-D018C2EDB5C8}
	EndGlobalSection
EndGlobal
